// !$*UTF8*$!
{
	archiveVersion = 1;
	classes = {
	};
	objectVersion = 46;
	objects = {

/* Begin PBXBuildFile section */
		F921326E198AC8F800FF09E2 /* Foundation.framework in Frameworks */ = {isa = PBXBuildFile; fileRef = F921326D198AC8F800FF09E2 /* Foundation.framework */; };
		F9213270198AC8F800FF09E2 /* CoreGraphics.framework in Frameworks */ = {isa = PBXBuildFile; fileRef = F921326F198AC8F800FF09E2 /* CoreGraphics.framework */; };
		F9213272198AC8F800FF09E2 /* UIKit.framework in Frameworks */ = {isa = PBXBuildFile; fileRef = F9213271198AC8F800FF09E2 /* UIKit.framework */; };
		F9213278198AC8F800FF09E2 /* InfoPlist.strings in Resources */ = {isa = PBXBuildFile; fileRef = F9213276198AC8F800FF09E2 /* InfoPlist.strings */; };
		F921327A198AC8F800FF09E2 /* main.m in Sources */ = {isa = PBXBuildFile; fileRef = F9213279198AC8F800FF09E2 /* main.m */; };
		F921327E198AC8F800FF09E2 /* AppDelegate.m in Sources */ = {isa = PBXBuildFile; fileRef = F921327D198AC8F800FF09E2 /* AppDelegate.m */; };
		F9213281198AC8F800FF09E2 /* Main.storyboard in Resources */ = {isa = PBXBuildFile; fileRef = F921327F198AC8F800FF09E2 /* Main.storyboard */; };
		F9213284198AC8F800FF09E2 /* ViewController.m in Sources */ = {isa = PBXBuildFile; fileRef = F9213283198AC8F800FF09E2 /* ViewController.m */; };
		F9213286198AC8F800FF09E2 /* Images.xcassets in Resources */ = {isa = PBXBuildFile; fileRef = F9213285198AC8F800FF09E2 /* Images.xcassets */; };
		F921328D198AC8F800FF09E2 /* XCTest.framework in Frameworks */ = {isa = PBXBuildFile; fileRef = F921328C198AC8F800FF09E2 /* XCTest.framework */; };
		F921328E198AC8F800FF09E2 /* Foundation.framework in Frameworks */ = {isa = PBXBuildFile; fileRef = F921326D198AC8F800FF09E2 /* Foundation.framework */; };
		F921328F198AC8F800FF09E2 /* UIKit.framework in Frameworks */ = {isa = PBXBuildFile; fileRef = F9213271198AC8F800FF09E2 /* UIKit.framework */; };
		F9213297198AC8F800FF09E2 /* InfoPlist.strings in Resources */ = {isa = PBXBuildFile; fileRef = F9213295198AC8F800FF09E2 /* InfoPlist.strings */; };
		F9213299198AC8F800FF09E2 /* Assesstment2Tests.m in Sources */ = {isa = PBXBuildFile; fileRef = F9213298198AC8F800FF09E2 /* Assesstment2Tests.m */; };
/* End PBXBuildFile section */

/* Begin PBXContainerItemProxy section */
		F9213290198AC8F800FF09E2 /* PBXContainerItemProxy */ = {
			isa = PBXContainerItemProxy;
			containerPortal = F9213262198AC8F800FF09E2 /* Project object */;
			proxyType = 1;
			remoteGlobalIDString = F9213269198AC8F800FF09E2;
			remoteInfo = Assesstment2;
		};
/* End PBXContainerItemProxy section */

/* Begin PBXFileReference section */
		F921326A198AC8F800FF09E2 /* Assesstment2.app */ = {isa = PBXFileReference; explicitFileType = wrapper.application; includeInIndex = 0; path = Assesstment2.app; sourceTree = BUILT_PRODUCTS_DIR; };
		F921326D198AC8F800FF09E2 /* Foundation.framework */ = {isa = PBXFileReference; lastKnownFileType = wrapper.framework; name = Foundation.framework; path = System/Library/Frameworks/Foundation.framework; sourceTree = SDKROOT; };
		F921326F198AC8F800FF09E2 /* CoreGraphics.framework */ = {isa = PBXFileReference; lastKnownFileType = wrapper.framework; name = CoreGraphics.framework; path = System/Library/Frameworks/CoreGraphics.framework; sourceTree = SDKROOT; };
		F9213271198AC8F800FF09E2 /* UIKit.framework */ = {isa = PBXFileReference; lastKnownFileType = wrapper.framework; name = UIKit.framework; path = System/Library/Frameworks/UIKit.framework; sourceTree = SDKROOT; };
		F9213275198AC8F800FF09E2 /* Assesstment2-Info.plist */ = {isa = PBXFileReference; lastKnownFileType = text.plist.xml; path = "Assesstment2-Info.plist"; sourceTree = "<group>"; };
		F9213277198AC8F800FF09E2 /* en */ = {isa = PBXFileReference; lastKnownFileType = text.plist.strings; name = en; path = en.lproj/InfoPlist.strings; sourceTree = "<group>"; };
		F9213279198AC8F800FF09E2 /* main.m */ = {isa = PBXFileReference; lastKnownFileType = sourcecode.c.objc; path = main.m; sourceTree = "<group>"; };
		F921327B198AC8F800FF09E2 /* Assesstment2-Prefix.pch */ = {isa = PBXFileReference; lastKnownFileType = sourcecode.c.h; path = "Assesstment2-Prefix.pch"; sourceTree = "<group>"; };
		F921327C198AC8F800FF09E2 /* AppDelegate.h */ = {isa = PBXFileReference; lastKnownFileType = sourcecode.c.h; path = AppDelegate.h; sourceTree = "<group>"; };
		F921327D198AC8F800FF09E2 /* AppDelegate.m */ = {isa = PBXFileReference; lastKnownFileType = sourcecode.c.objc; path = AppDelegate.m; sourceTree = "<group>"; };
		F9213280198AC8F800FF09E2 /* Base */ = {isa = PBXFileReference; lastKnownFileType = file.storyboard; name = Base; path = Base.lproj/Main.storyboard; sourceTree = "<group>"; };
		F9213282198AC8F800FF09E2 /* ViewController.h */ = {isa = PBXFileReference; lastKnownFileType = sourcecode.c.h; path = ViewController.h; sourceTree = "<group>"; };
		F9213283198AC8F800FF09E2 /* ViewController.m */ = {isa = PBXFileReference; lastKnownFileType = sourcecode.c.objc; path = ViewController.m; sourceTree = "<group>"; };
		F9213285198AC8F800FF09E2 /* Images.xcassets */ = {isa = PBXFileReference; lastKnownFileType = folder.assetcatalog; path = Images.xcassets; sourceTree = "<group>"; };
		F921328B198AC8F800FF09E2 /* Assesstment2Tests.xctest */ = {isa = PBXFileReference; explicitFileType = wrapper.cfbundle; includeInIndex = 0; path = Assesstment2Tests.xctest; sourceTree = BUILT_PRODUCTS_DIR; };
		F921328C198AC8F800FF09E2 /* XCTest.framework */ = {isa = PBXFileReference; lastKnownFileType = wrapper.framework; name = XCTest.framework; path = Library/Frameworks/XCTest.framework; sourceTree = DEVELOPER_DIR; };
		F9213294198AC8F800FF09E2 /* Assesstment2Tests-Info.plist */ = {isa = PBXFileReference; lastKnownFileType = text.plist.xml; path = "Assesstment2Tests-Info.plist"; sourceTree = "<group>"; };
		F9213296198AC8F800FF09E2 /* en */ = {isa = PBXFileReference; lastKnownFileType = text.plist.strings; name = en; path = en.lproj/InfoPlist.strings; sourceTree = "<group>"; };
		F9213298198AC8F800FF09E2 /* Assesstment2Tests.m */ = {isa = PBXFileReference; lastKnownFileType = sourcecode.c.objc; path = Assesstment2Tests.m; sourceTree = "<group>"; };
/* End PBXFileReference section */

/* Begin PBXFrameworksBuildPhase section */
		F9213267198AC8F800FF09E2 /* Frameworks */ = {
			isa = PBXFrameworksBuildPhase;
			buildActionMask = 2147483647;
			files = (
				F9213270198AC8F800FF09E2 /* CoreGraphics.framework in Frameworks */,
				F9213272198AC8F800FF09E2 /* UIKit.framework in Frameworks */,
				F921326E198AC8F800FF09E2 /* Foundation.framework in Frameworks */,
			);
			runOnlyForDeploymentPostprocessing = 0;
		};
		F9213288198AC8F800FF09E2 /* Frameworks */ = {
			isa = PBXFrameworksBuildPhase;
			buildActionMask = 2147483647;
			files = (
				F921328D198AC8F800FF09E2 /* XCTest.framework in Frameworks */,
				F921328F198AC8F800FF09E2 /* UIKit.framework in Frameworks */,
				F921328E198AC8F800FF09E2 /* Foundation.framework in Frameworks */,
			);
			runOnlyForDeploymentPostprocessing = 0;
		};
/* End PBXFrameworksBuildPhase section */

/* Begin PBXGroup section */
		F9213261198AC8F800FF09E2 = {
			isa = PBXGroup;
			children = (
				F9213273198AC8F800FF09E2 /* Assesstment2 */,
				F9213292198AC8F800FF09E2 /* Assesstment2Tests */,
				F921326C198AC8F800FF09E2 /* Frameworks */,
				F921326B198AC8F800FF09E2 /* Products */,
			);
			sourceTree = "<group>";
		};
		F921326B198AC8F800FF09E2 /* Products */ = {
			isa = PBXGroup;
			children = (
				F921326A198AC8F800FF09E2 /* Assesstment2.app */,
				F921328B198AC8F800FF09E2 /* Assesstment2Tests.xctest */,
			);
			name = Products;
			sourceTree = "<group>";
		};
		F921326C198AC8F800FF09E2 /* Frameworks */ = {
			isa = PBXGroup;
			children = (
				F921326D198AC8F800FF09E2 /* Foundation.framework */,
				F921326F198AC8F800FF09E2 /* CoreGraphics.framework */,
				F9213271198AC8F800FF09E2 /* UIKit.framework */,
				F921328C198AC8F800FF09E2 /* XCTest.framework */,
			);
			name = Frameworks;
			sourceTree = "<group>";
		};
		F9213273198AC8F800FF09E2 /* Assesstment2 */ = {
			isa = PBXGroup;
			children = (
				F921327C198AC8F800FF09E2 /* AppDelegate.h */,
				F921327D198AC8F800FF09E2 /* AppDelegate.m */,
				F921327F198AC8F800FF09E2 /* Main.storyboard */,
				F9213282198AC8F800FF09E2 /* ViewController.h */,
				F9213283198AC8F800FF09E2 /* ViewController.m */,
				F9213285198AC8F800FF09E2 /* Images.xcassets */,
				F9213274198AC8F800FF09E2 /* Supporting Files */,
			);
			path = Assesstment2;
			sourceTree = "<group>";
		};
		F9213274198AC8F800FF09E2 /* Supporting Files */ = {
			isa = PBXGroup;
			children = (
				F9213275198AC8F800FF09E2 /* Assesstment2-Info.plist */,
				F9213276198AC8F800FF09E2 /* InfoPlist.strings */,
				F9213279198AC8F800FF09E2 /* main.m */,
				F921327B198AC8F800FF09E2 /* Assesstment2-Prefix.pch */,
			);
			name = "Supporting Files";
			sourceTree = "<group>";
		};
		F9213292198AC8F800FF09E2 /* Assesstment2Tests */ = {
			isa = PBXGroup;
			children = (
				F9213298198AC8F800FF09E2 /* Assesstment2Tests.m */,
				F9213293198AC8F800FF09E2 /* Supporting Files */,
			);
			path = Assesstment2Tests;
			sourceTree = "<group>";
		};
		F9213293198AC8F800FF09E2 /* Supporting Files */ = {
			isa = PBXGroup;
			children = (
				F9213294198AC8F800FF09E2 /* Assesstment2Tests-Info.plist */,
				F9213295198AC8F800FF09E2 /* InfoPlist.strings */,
			);
			name = "Supporting Files";
			sourceTree = "<group>";
		};
/* End PBXGroup section */

/* Begin PBXNativeTarget section */
		F9213269198AC8F800FF09E2 /* Assesstment2 */ = {
			isa = PBXNativeTarget;
			buildConfigurationList = F921329C198AC8F800FF09E2 /* Build configuration list for PBXNativeTarget "Assesstment2" */;
			buildPhases = (
				F9213266198AC8F800FF09E2 /* Sources */,
				F9213267198AC8F800FF09E2 /* Frameworks */,
				F9213268198AC8F800FF09E2 /* Resources */,
			);
			buildRules = (
			);
			dependencies = (
			);
			name = Assesstment2;
			productName = Assesstment2;
			productReference = F921326A198AC8F800FF09E2 /* Assesstment2.app */;
			productType = "com.apple.product-type.application";
		};
		F921328A198AC8F800FF09E2 /* Assesstment2Tests */ = {
			isa = PBXNativeTarget;
			buildConfigurationList = F921329F198AC8F800FF09E2 /* Build configuration list for PBXNativeTarget "Assesstment2Tests" */;
			buildPhases = (
				F9213287198AC8F800FF09E2 /* Sources */,
				F9213288198AC8F800FF09E2 /* Frameworks */,
				F9213289198AC8F800FF09E2 /* Resources */,
			);
			buildRules = (
			);
			dependencies = (
				F9213291198AC8F800FF09E2 /* PBXTargetDependency */,
			);
			name = Assesstment2Tests;
			productName = Assesstment2Tests;
			productReference = F921328B198AC8F800FF09E2 /* Assesstment2Tests.xctest */;
			productType = "com.apple.product-type.bundle.unit-test";
		};
/* End PBXNativeTarget section */

/* Begin PBXProject section */
		F9213262198AC8F800FF09E2 /* Project object */ = {
			isa = PBXProject;
			attributes = {
				LastUpgradeCheck = 0510;
				ORGANIZATIONNAME = "___FULLUSERNAME___";
				TargetAttributes = {
					F921328A198AC8F800FF09E2 = {
						TestTargetID = F9213269198AC8F800FF09E2;
					};
				};
			};
			buildConfigurationList = F9213265198AC8F800FF09E2 /* Build configuration list for PBXProject "Assesstment2" */;
			compatibilityVersion = "Xcode 3.2";
			developmentRegion = English;
			hasScannedForEncodings = 0;
			knownRegions = (
				en,
				Base,
			);
			mainGroup = F9213261198AC8F800FF09E2;
			productRefGroup = F921326B198AC8F800FF09E2 /* Products */;
			projectDirPath = "";
			projectRoot = "";
			targets = (
				F9213269198AC8F800FF09E2 /* Assesstment2 */,
				F921328A198AC8F800FF09E2 /* Assesstment2Tests */,
			);
		};
/* End PBXProject section */

/* Begin PBXResourcesBuildPhase section */
		F9213268198AC8F800FF09E2 /* Resources */ = {
			isa = PBXResourcesBuildPhase;
			buildActionMask = 2147483647;
			files = (
				F9213286198AC8F800FF09E2 /* Images.xcassets in Resources */,
				F9213278198AC8F800FF09E2 /* InfoPlist.strings in Resources */,
				F9213281198AC8F800FF09E2 /* Main.storyboard in Resources */,
			);
			runOnlyForDeploymentPostprocessing = 0;
		};
		F9213289198AC8F800FF09E2 /* Resources */ = {
			isa = PBXResourcesBuildPhase;
			buildActionMask = 2147483647;
			files = (
				F9213297198AC8F800FF09E2 /* InfoPlist.strings in Resources */,
			);
			runOnlyForDeploymentPostprocessing = 0;
		};
/* End PBXResourcesBuildPhase section */

/* Begin PBXSourcesBuildPhase section */
		F9213266198AC8F800FF09E2 /* Sources */ = {
			isa = PBXSourcesBuildPhase;
			buildActionMask = 2147483647;
			files = (
				F9213284198AC8F800FF09E2 /* ViewController.m in Sources */,
				F921327E198AC8F800FF09E2 /* AppDelegate.m in Sources */,
				F921327A198AC8F800FF09E2 /* main.m in Sources */,
			);
			runOnlyForDeploymentPostprocessing = 0;
		};
		F9213287198AC8F800FF09E2 /* Sources */ = {
			isa = PBXSourcesBuildPhase;
			buildActionMask = 2147483647;
			files = (
				F9213299198AC8F800FF09E2 /* Assesstment2Tests.m in Sources */,
			);
			runOnlyForDeploymentPostprocessing = 0;
		};
/* End PBXSourcesBuildPhase section */

/* Begin PBXTargetDependency section */
		F9213291198AC8F800FF09E2 /* PBXTargetDependency */ = {
			isa = PBXTargetDependency;
			target = F9213269198AC8F800FF09E2 /* Assesstment2 */;
			targetProxy = F9213290198AC8F800FF09E2 /* PBXContainerItemProxy */;
		};
/* End PBXTargetDependency section */

/* Begin PBXVariantGroup section */
		F9213276198AC8F800FF09E2 /* InfoPlist.strings */ = {
			isa = PBXVariantGroup;
			children = (
				F9213277198AC8F800FF09E2 /* en */,
			);
			name = InfoPlist.strings;
			sourceTree = "<group>";
		};
		F921327F198AC8F800FF09E2 /* Main.storyboard */ = {
			isa = PBXVariantGroup;
			children = (
				F9213280198AC8F800FF09E2 /* Base */,
			);
			name = Main.storyboard;
			sourceTree = "<group>";
		};
		F9213295198AC8F800FF09E2 /* InfoPlist.strings */ = {
			isa = PBXVariantGroup;
			children = (
				F9213296198AC8F800FF09E2 /* en */,
			);
			name = InfoPlist.strings;
			sourceTree = "<group>";
		};
/* End PBXVariantGroup section */

/* Begin XCBuildConfiguration section */
		F921329A198AC8F800FF09E2 /* Debug */ = {
			isa = XCBuildConfiguration;
			buildSettings = {
				ALWAYS_SEARCH_USER_PATHS = NO;
				CLANG_CXX_LANGUAGE_STANDARD = "gnu++0x";
				CLANG_CXX_LIBRARY = "libc++";
				CLANG_ENABLE_MODULES = YES;
				CLANG_ENABLE_OBJC_ARC = YES;
				CLANG_WARN_BOOL_CONVERSION = YES;
				CLANG_WARN_CONSTANT_CONVERSION = YES;
				CLANG_WARN_DIRECT_OBJC_ISA_USAGE = YES_ERROR;
				CLANG_WARN_EMPTY_BODY = YES;
				CLANG_WARN_ENUM_CONVERSION = YES;
				CLANG_WARN_INT_CONVERSION = YES;
				CLANG_WARN_OBJC_ROOT_CLASS = YES_ERROR;
				CLANG_WARN__DUPLICATE_METHOD_MATCH = YES;
				"CODE_SIGN_IDENTITY[sdk=iphoneos*]" = "iPhone Developer";
				COPY_PHASE_STRIP = NO;
				GCC_C_LANGUAGE_STANDARD = gnu99;
				GCC_DYNAMIC_NO_PIC = NO;
				GCC_OPTIMIZATION_LEVEL = 0;
				GCC_PREPROCESSOR_DEFINITIONS = (
					"DEBUG=1",
					"$(inherited)",
				);
				GCC_SYMBOLS_PRIVATE_EXTERN = NO;
				GCC_WARN_64_TO_32_BIT_CONVERSION = YES;
				GCC_WARN_ABOUT_RETURN_TYPE = YES_ERROR;
				GCC_WARN_UNDECLARED_SELECTOR = YES;
				GCC_WARN_UNINITIALIZED_AUTOS = YES_AGGRESSIVE;
				GCC_WARN_UNUSED_FUNCTION = YES;
				GCC_WARN_UNUSED_VARIABLE = YES;
				IPHONEOS_DEPLOYMENT_TARGET = 7.1;
				ONLY_ACTIVE_ARCH = YES;
				SDKROOT = iphoneos;
			};
			name = Debug;
		};
		F921329B198AC8F800FF09E2 /* Release */ = {
			isa = XCBuildConfiguration;
			buildSettings = {
				ALWAYS_SEARCH_USER_PATHS = NO;
				CLANG_CXX_LANGUAGE_STANDARD = "gnu++0x";
				CLANG_CXX_LIBRARY = "libc++";
				CLANG_ENABLE_MODULES = YES;
				CLANG_ENABLE_OBJC_ARC = YES;
				CLANG_WARN_BOOL_CONVERSION = YES;
				CLANG_WARN_CONSTANT_CONVERSION = YES;
				CLANG_WARN_DIRECT_OBJC_ISA_USAGE = YES_ERROR;
				CLANG_WARN_EMPTY_BODY = YES;
				CLANG_WARN_ENUM_CONVERSION = YES;
				CLANG_WARN_INT_CONVERSION = YES;
				CLANG_WARN_OBJC_ROOT_CLASS = YES_ERROR;
				CLANG_WARN__DUPLICATE_METHOD_MATCH = YES;
				"CODE_SIGN_IDENTITY[sdk=iphoneos*]" = "iPhone Developer";
				COPY_PHASE_STRIP = YES;
				ENABLE_NS_ASSERTIONS = NO;
				GCC_C_LANGUAGE_STANDARD = gnu99;
				GCC_WARN_64_TO_32_BIT_CONVERSION = YES;
				GCC_WARN_ABOUT_RETURN_TYPE = YES_ERROR;
				GCC_WARN_UNDECLARED_SELECTOR = YES;
				GCC_WARN_UNINITIALIZED_AUTOS = YES_AGGRESSIVE;
				GCC_WARN_UNUSED_FUNCTION = YES;
				GCC_WARN_UNUSED_VARIABLE = YES;
				IPHONEOS_DEPLOYMENT_TARGET = 7.1;
				SDKROOT = iphoneos;
				VALIDATE_PRODUCT = YES;
			};
			name = Release;
		};
		F921329D198AC8F800FF09E2 /* Debug */ = {
			isa = XCBuildConfiguration;
			buildSettings = {
				ASSETCATALOG_COMPILER_APPICON_NAME = AppIcon;
				ASSETCATALOG_COMPILER_LAUNCHIMAGE_NAME = LaunchImage;
				GCC_PRECOMPILE_PREFIX_HEADER = YES;
				GCC_PREFIX_HEADER = "Assesstment2/Assesstment2-Prefix.pch";
				INFOPLIST_FILE = "Assesstment2/Assesstment2-Info.plist";
				PRODUCT_NAME = "$(TARGET_NAME)";
				WRAPPER_EXTENSION = app;
			};
			name = Debug;
		};
		F921329E198AC8F800FF09E2 /* Release */ = {
			isa = XCBuildConfiguration;
			buildSettings = {
				ASSETCATALOG_COMPILER_APPICON_NAME = AppIcon;
				ASSETCATALOG_COMPILER_LAUNCHIMAGE_NAME = LaunchImage;
				GCC_PRECOMPILE_PREFIX_HEADER = YES;
				GCC_PREFIX_HEADER = "Assesstment2/Assesstment2-Prefix.pch";
				INFOPLIST_FILE = "Assesstment2/Assesstment2-Info.plist";
				PRODUCT_NAME = "$(TARGET_NAME)";
				WRAPPER_EXTENSION = app;
			};
			name = Release;
		};
		F92132A0198AC8F800FF09E2 /* Debug */ = {
			isa = XCBuildConfiguration;
			buildSettings = {
				BUNDLE_LOADER = "$(BUILT_PRODUCTS_DIR)/Assesstment2.app/Assesstment2";
				FRAMEWORK_SEARCH_PATHS = (
					"$(SDKROOT)/Developer/Library/Frameworks",
					"$(inherited)",
					"$(DEVELOPER_FRAMEWORKS_DIR)",
				);
				GCC_PRECOMPILE_PREFIX_HEADER = YES;
				GCC_PREFIX_HEADER = "Assesstment2/Assesstment2-Prefix.pch";
				GCC_PREPROCESSOR_DEFINITIONS = (
					"DEBUG=1",
					"$(inherited)",
				);
				INFOPLIST_FILE = "Assesstment2Tests/Assesstment2Tests-Info.plist";
				PRODUCT_NAME = "$(TARGET_NAME)";
				TEST_HOST = "$(BUNDLE_LOADER)";
				WRAPPER_EXTENSION = xctest;
			};
			name = Debug;
		};
		F92132A1198AC8F800FF09E2 /* Release */ = {
			isa = XCBuildConfiguration;
			buildSettings = {
				BUNDLE_LOADER = "$(BUILT_PRODUCTS_DIR)/Assesstment2.app/Assesstment2";
				FRAMEWORK_SEARCH_PATHS = (
					"$(SDKROOT)/Developer/Library/Frameworks",
					"$(inherited)",
					"$(DEVELOPER_FRAMEWORKS_DIR)",
				);
				GCC_PRECOMPILE_PREFIX_HEADER = YES;
				GCC_PREFIX_HEADER = "Assesstment2/Assesstment2-Prefix.pch";
				INFOPLIST_FILE = "Assesstment2Tests/Assesstment2Tests-Info.plist";
				PRODUCT_NAME = "$(TARGET_NAME)";
				TEST_HOST = "$(BUNDLE_LOADER)";
				WRAPPER_EXTENSION = xctest;
			};
			name = Release;
		};
/* End XCBuildConfiguration section */

/* Begin XCConfigurationList section */
		F9213265198AC8F800FF09E2 /* Build configuration list for PBXProject "Assesstment2" */ = {
			isa = XCConfigurationList;
			buildConfigurations = (
				F921329A198AC8F800FF09E2 /* Debug */,
				F921329B198AC8F800FF09E2 /* Release */,
			);
			defaultConfigurationIsVisible = 0;
			defaultConfigurationName = Release;
		};
		F921329C198AC8F800FF09E2 /* Build configuration list for PBXNativeTarget "Assesstment2" */ = {
			isa = XCConfigurationList;
			buildConfigurations = (
				F921329D198AC8F800FF09E2 /* Debug */,
				F921329E198AC8F800FF09E2 /* Release */,
			);
			defaultConfigurationIsVisible = 0;
		};
		F921329F198AC8F800FF09E2 /* Build configuration list for PBXNativeTarget "Assesstment2Tests" */ = {
			isa = XCConfigurationList;
			buildConfigurations = (
				F92132A0198AC8F800FF09E2 /* Debug */,
				F92132A1198AC8F800FF09E2 /* Release */,
			);
			defaultConfigurationIsVisible = 0;
		};
/* End XCConfigurationList section */
	};
	rootObject = F9213262198AC8F800FF09E2 /* Project object */;
}
